
Microsoft Visual Studio Solution File, Format Version 12.00
# Visual Studio 15
VisualStudioVersion = 15.0.27130.2036
MinimumVisualStudioVersion = 10.0.40219.1
Project("{FAE04EC0-301F-11D3-BF4B-00C04F79EFBC}") = "JustAnotherAndroidCalculator.Android", "JustAnotherAndroidCalculator\JustAnotherAndroidCalculator.Android\JustAnotherAndroidCalculator.Android.csproj", "{5A863E18-DC8E-4EEB-AC56-88675E39CF13}"
EndProject
Project("{9A19103F-16F7-4668-BE54-9A1E7A4F7556}") = "JustAnotherAndroidCalculator", "JustAnotherAndroidCalculator\JustAnotherAndroidCalculator\JustAnotherAndroidCalculator.csproj", "{A1C0D332-A8B5-498D-A8DF-8D30EB62A455}"
EndProject
Global
	GlobalSection(SolutionConfigurationPlatforms) = preSolution
		Ad-Hoc|Any CPU = Ad-Hoc|Any CPU
		Ad-Hoc|iPhone = Ad-Hoc|iPhone
		Ad-Hoc|iPhoneSimulator = Ad-Hoc|iPhoneSimulator
		AppStore|Any CPU = AppStore|Any CPU
		AppStore|iPhone = AppStore|iPhone
		AppStore|iPhoneSimulator = AppStore|iPhoneSimulator
		Debug|Any CPU = Debug|Any CPU
		Debug|iPhone = Debug|iPhone
		Debug|iPhoneSimulator = Debug|iPhoneSimulator
		Release|Any CPU = Release|Any CPU
		Release|iPhone = Release|iPhone
		Release|iPhoneSimulator = Release|iPhoneSimulator
	EndGlobalSection
	GlobalSection(ProjectConfigurationPlatforms) = postSolution
		{5A863E18-DC8E-4EEB-AC56-88675E39CF13}.Ad-Hoc|Any CPU.ActiveCfg = Release|Any CPU
		{5A863E18-DC8E-4EEB-AC56-88675E39CF13}.Ad-Hoc|Any CPU.Build.0 = Release|Any CPU
		{5A863E18-DC8E-4EEB-AC56-88675E39CF13}.Ad-Hoc|Any CPU.Deploy.0 = Release|Any CPU
		{5A863E18-DC8E-4EEB-AC56-88675E39CF13}.Ad-Hoc|iPhone.ActiveCfg = Release|Any CPU
		{5A863E18-DC8E-4EEB-AC56-88675E39CF13}.Ad-Hoc|iPhone.Build.0 = Release|Any CPU
		{5A863E18-DC8E-4EEB-AC56-88675E39CF13}.Ad-Hoc|iPhone.Deploy.0 = Release|Any CPU
		{5A863E18-DC8E-4EEB-AC56-88675E39CF13}.Ad-Hoc|iPhoneSimulator.ActiveCfg = Release|Any CPU
		{5A863E18-DC8E-4EEB-AC56-88675E39CF13}.Ad-Hoc|iPhoneSimulator.Build.0 = Release|Any CPU
		{5A863E18-DC8E-4EEB-AC56-88675E39CF13}.Ad-Hoc|iPhoneSimulator.Deploy.0 = Release|Any CPU
		{5A863E18-DC8E-4EEB-AC56-88675E39CF13}.AppStore|Any CPU.ActiveCfg = Release|Any CPU
		{5A863E18-DC8E-4EEB-AC56-88675E39CF13}.AppStore|Any CPU.Build.0 = Release|Any CPU
		{5A863E18-DC8E-4EEB-AC56-88675E39CF13}.AppStore|Any CPU.Deploy.0 = Release|Any CPU
		{5A863E18-DC8E-4EEB-AC56-88675E39CF13}.AppStore|iPhone.ActiveCfg = Release|Any CPU
		{5A863E18-DC8E-4EEB-AC56-88675E39CF13}.AppStore|iPhone.Build.0 = Release|Any CPU
		{5A863E18-DC8E-4EEB-AC56-88675E39CF13}.AppStore|iPhone.Deploy.0 = Release|Any CPU
		{5A863E18-DC8E-4EEB-AC56-88675E39CF13}.AppStore|iPhoneSimulator.ActiveCfg = Release|Any CPU
		{5A863E18-DC8E-4EEB-AC56-88675E39CF13}.AppStore|iPhoneSimulator.Build.0 = Release|Any CPU
		{5A863E18-DC8E-4EEB-AC56-88675E39CF13}.AppStore|iPhoneSimulator.Deploy.0 = Release|Any CPU
		{5A863E18-DC8E-4EEB-AC56-88675E39CF13}.Debug|Any CPU.ActiveCfg = Debug|Any CPU
		{5A863E18-DC8E-4EEB-AC56-88675E39CF13}.Debug|Any CPU.Build.0 = Debug|Any CPU
		{5A863E18-DC8E-4EEB-AC56-88675E39CF13}.Debug|Any CPU.Deploy.0 = Debug|Any CPU
		{5A863E18-DC8E-4EEB-AC56-88675E39CF13}.Debug|iPhone.ActiveCfg = Debug|Any CPU
		{5A863E18-DC8E-4EEB-AC56-88675E39CF13}.Debug|iPhone.Build.0 = Debug|Any CPU
		{5A863E18-DC8E-4EEB-AC56-88675E39CF13}.Debug|iPhone.Deploy.0 = Debug|Any CPU
		{5A863E18-DC8E-4EEB-AC56-88675E39CF13}.Debug|iPhoneSimulator.ActiveCfg = Debug|Any CPU
		{5A863E18-DC8E-4EEB-AC56-88675E39CF13}.Debug|iPhoneSimulator.Build.0 = Debug|Any CPU
		{5A863E18-DC8E-4EEB-AC56-88675E39CF13}.Debug|iPhoneSimulator.Deploy.0 = Debug|Any CPU
		{5A863E18-DC8E-4EEB-AC56-88675E39CF13}.Release|Any CPU.ActiveCfg = Release|Any CPU
		{5A863E18-DC8E-4EEB-AC56-88675E39CF13}.Release|Any CPU.Build.0 = Release|Any CPU
		{5A863E18-DC8E-4EEB-AC56-88675E39CF13}.Release|Any CPU.Deploy.0 = Release|Any CPU
		{5A863E18-DC8E-4EEB-AC56-88675E39CF13}.Release|iPhone.ActiveCfg = Release|Any CPU
		{5A863E18-DC8E-4EEB-AC56-88675E39CF13}.Release|iPhone.Build.0 = Release|Any CPU
		{5A863E18-DC8E-4EEB-AC56-88675E39CF13}.Release|iPhone.Deploy.0 = Release|Any CPU
		{5A863E18-DC8E-4EEB-AC56-88675E39CF13}.Release|iPhoneSimulator.ActiveCfg = Release|Any CPU
		{5A863E18-DC8E-4EEB-AC56-88675E39CF13}.Release|iPhoneSimulator.Build.0 = Release|Any CPU
		{5A863E18-DC8E-4EEB-AC56-88675E39CF13}.Release|iPhoneSimulator.Deploy.0 = Release|Any CPU
		{A1C0D332-A8B5-498D-A8DF-8D30EB62A455}.Ad-Hoc|Any CPU.ActiveCfg = Debug|Any CPU
		{A1C0D332-A8B5-498D-A8DF-8D30EB62A455}.Ad-Hoc|Any CPU.Build.0 = Debug|Any CPU
		{A1C0D332-A8B5-498D-A8DF-8D30EB62A455}.Ad-Hoc|iPhone.ActiveCfg = Debug|Any CPU
		{A1C0D332-A8B5-498D-A8DF-8D30EB62A455}.Ad-Hoc|iPhone.Build.0 = Debug|Any CPU
		{A1C0D332-A8B5-498D-A8DF-8D30EB62A455}.Ad-Hoc|iPhoneSimulator.ActiveCfg = Debug|Any CPU
		{A1C0D332-A8B5-498D-A8DF-8D30EB62A455}.Ad-Hoc|iPhoneSimulator.Build.0 = Debug|Any CPU
		{A1C0D332-A8B5-498D-A8DF-8D30EB62A455}.AppStore|Any CPU.ActiveCfg = Debug|Any CPU
		{A1C0D332-A8B5-498D-A8DF-8D30EB62A455}.AppStore|Any CPU.Build.0 = Debug|Any CPU
		{A1C0D332-A8B5-498D-A8DF-8D30EB62A455}.AppStore|iPhone.ActiveCfg = Debug|Any CPU
		{A1C0D332-A8B5-498D-A8DF-8D30EB62A455}.AppStore|iPhone.Build.0 = Debug|Any CPU
		{A1C0D332-A8B5-498D-A8DF-8D30EB62A455}.AppStore|iPhoneSimulator.ActiveCfg = Debug|Any CPU
		{A1C0D332-A8B5-498D-A8DF-8D30EB62A455}.AppStore|iPhoneSimulator.Build.0 = Debug|Any CPU
		{A1C0D332-A8B5-498D-A8DF-8D30EB62A455}.Debug|Any CPU.ActiveCfg = Debug|Any CPU
		{A1C0D332-A8B5-498D-A8DF-8D30EB62A455}.Debug|Any CPU.Build.0 = Debug|Any CPU
		{A1C0D332-A8B5-498D-A8DF-8D30EB62A455}.Debug|iPhone.ActiveCfg = Debug|Any CPU
		{A1C0D332-A8B5-498D-A8DF-8D30EB62A455}.Debug|iPhone.Build.0 = Debug|Any CPU
		{A1C0D332-A8B5-498D-A8DF-8D30EB62A455}.Debug|iPhoneSimulator.ActiveCfg = Debug|Any CPU
		{A1C0D332-A8B5-498D-A8DF-8D30EB62A455}.Debug|iPhoneSimulator.Build.0 = Debug|Any CPU
		{A1C0D332-A8B5-498D-A8DF-8D30EB62A455}.Release|Any CPU.ActiveCfg = Release|Any CPU
		{A1C0D332-A8B5-498D-A8DF-8D30EB62A455}.Release|Any CPU.Build.0 = Release|Any CPU
		{A1C0D332-A8B5-498D-A8DF-8D30EB62A455}.Release|iPhone.ActiveCfg = Release|Any CPU
		{A1C0D332-A8B5-498D-A8DF-8D30EB62A455}.Release|iPhone.Build.0 = Release|Any CPU
		{A1C0D332-A8B5-498D-A8DF-8D30EB62A455}.Release|iPhoneSimulator.ActiveCfg = Release|Any CPU
		{A1C0D332-A8B5-498D-A8DF-8D30EB62A455}.Release|iPhoneSimulator.Build.0 = Release|Any CPU
	EndGlobalSection
	GlobalSection(SolutionProperties) = preSolution
		HideSolutionNode = FALSE
	EndGlobalSection
	GlobalSection(ExtensibilityGlobals) = postSolution
		SolutionGuid = {1E58C152-1337-4CC4-B981-13FC2821647C}
	EndGlobalSection
EndGlobal
